
Microsoft Visual Studio Solution File, Format Version 12.00
# Visual Studio 15
VisualStudioVersion = 15.0.27004.2009
MinimumVisualStudioVersion = 10.0.40219.1
Project("{9A19103F-16F7-4668-BE54-9A1E7A4F7556}") = "LiveScore", "LiveScore\LiveScore.csproj", "{41FD9486-A164-445A-8D7B-B3F866A79D1F}"
EndProject
Project("{9A19103F-16F7-4668-BE54-9A1E7A4F7556}") = "LiveScoreDbModule", "LiveScoreDbModule\LiveScoreDbModule.csproj", "{0807996D-B2A7-4241-881B-D817CDA2E018}"
EndProject
Global
	GlobalSection(SolutionConfigurationPlatforms) = preSolution
		Debug|Any CPU = Debug|Any CPU
		Release|Any CPU = Release|Any CPU
	EndGlobalSection
	GlobalSection(ProjectConfigurationPlatforms) = postSolution
		{41FD9486-A164-445A-8D7B-B3F866A79D1F}.Debug|Any CPU.ActiveCfg = Debug|Any CPU
		{41FD9486-A164-445A-8D7B-B3F866A79D1F}.Debug|Any CPU.Build.0 = Debug|Any CPU
		{41FD9486-A164-445A-8D7B-B3F866A79D1F}.Release|Any CPU.ActiveCfg = Release|Any CPU
		{41FD9486-A164-445A-8D7B-B3F866A79D1F}.Release|Any CPU.Build.0 = Release|Any CPU
		{0807996D-B2A7-4241-881B-D817CDA2E018}.Debug|Any CPU.ActiveCfg = Debug|Any CPU
		{0807996D-B2A7-4241-881B-D817CDA2E018}.Debug|Any CPU.Build.0 = Debug|Any CPU
		{0807996D-B2A7-4241-881B-D817CDA2E018}.Release|Any CPU.ActiveCfg = Release|Any CPU
		{0807996D-B2A7-4241-881B-D817CDA2E018}.Release|Any CPU.Build.0 = Release|Any CPU
	EndGlobalSection
	GlobalSection(SolutionProperties) = preSolution
		HideSolutionNode = FALSE
	EndGlobalSection
	GlobalSection(ExtensibilityGlobals) = postSolution
		SolutionGuid = {A23B82B9-4D0C-4C55-87C0-675F1B3B99F0}
	EndGlobalSection
EndGlobal
